
Microsoft Visual Studio Solution File, Format Version 12.00
# Visual Studio Version 17
VisualStudioVersion = 17.9.34723.18
MinimumVisualStudioVersion = 10.0.40219.1
Project("{9A19103F-16F7-4668-BE54-9A1E7A4F7556}") = "CookieConsent.Razor.Net", "src\CookieConsent.Razor.Net.csproj", "{D568B02E-D4C6-4537-8A7C-FAEF987DD5F3}"
EndProject
Project("{9A19103F-16F7-4668-BE54-9A1E7A4F7556}") = "BlazorApp", "example\BlazorApp\BlazorApp.csproj", "{C4EF4478-70D0-40AF-97A0-7B2D39A0AAE2}"
EndProject
Global
	GlobalSection(SolutionConfigurationPlatforms) = preSolution
		Debug|Any CPU = Debug|Any CPU
		Release|Any CPU = Release|Any CPU
	EndGlobalSection
	GlobalSection(ProjectConfigurationPlatforms) = postSolution
		{D568B02E-D4C6-4537-8A7C-FAEF987DD5F3}.Debug|Any CPU.ActiveCfg = Debug|Any CPU
		{D568B02E-D4C6-4537-8A7C-FAEF987DD5F3}.Debug|Any CPU.Build.0 = Debug|Any CPU
		{D568B02E-D4C6-4537-8A7C-FAEF987DD5F3}.Release|Any CPU.ActiveCfg = Release|Any CPU
		{D568B02E-D4C6-4537-8A7C-FAEF987DD5F3}.Release|Any CPU.Build.0 = Release|Any CPU
		{C4EF4478-70D0-40AF-97A0-7B2D39A0AAE2}.Debug|Any CPU.ActiveCfg = Debug|Any CPU
		{C4EF4478-70D0-40AF-97A0-7B2D39A0AAE2}.Debug|Any CPU.Build.0 = Debug|Any CPU
		{C4EF4478-70D0-40AF-97A0-7B2D39A0AAE2}.Release|Any CPU.ActiveCfg = Release|Any CPU
		{C4EF4478-70D0-40AF-97A0-7B2D39A0AAE2}.Release|Any CPU.Build.0 = Release|Any CPU
	EndGlobalSection
	GlobalSection(SolutionProperties) = preSolution
		HideSolutionNode = FALSE
	EndGlobalSection
	GlobalSection(ExtensibilityGlobals) = postSolution
		SolutionGuid = {EDE304A3-18E3-4BA7-B5C6-2791E446B42F}
	EndGlobalSection
EndGlobal
